
Microsoft Visual Studio Solution File, Format Version 12.00
# Visual Studio Version 17
VisualStudioVersion = 17.4.32804.182
MinimumVisualStudioVersion = 10.0.40219.1
Project("{9A19103F-16F7-4668-BE54-9A1E7A4F7556}") = "BoolsAndCows", "BoolsAndCows.csproj", "{7CBBFDAF-DF0B-4092-B7A8-0183BC498C76}"
EndProject
Global
	GlobalSection(SolutionConfigurationPlatforms) = preSolution
		Debug|Any CPU = Debug|Any CPU
		Release|Any CPU = Release|Any CPU
	EndGlobalSection
	GlobalSection(ProjectConfigurationPlatforms) = postSolution
		{7CBBFDAF-DF0B-4092-B7A8-0183BC498C76}.Debug|Any CPU.ActiveCfg = Debug|Any CPU
		{7CBBFDAF-DF0B-4092-B7A8-0183BC498C76}.Debug|Any CPU.Build.0 = Debug|Any CPU
		{7CBBFDAF-DF0B-4092-B7A8-0183BC498C76}.Release|Any CPU.ActiveCfg = Release|Any CPU
		{7CBBFDAF-DF0B-4092-B7A8-0183BC498C76}.Release|Any CPU.Build.0 = Release|Any CPU
	EndGlobalSection
	GlobalSection(SolutionProperties) = preSolution
		HideSolutionNode = FALSE
	EndGlobalSection
	GlobalSection(ExtensibilityGlobals) = postSolution
		SolutionGuid = {34DAB19E-83F2-466C-9D36-6C7F89170538}
	EndGlobalSection
EndGlobal
